
Microsoft Visual Studio Solution File, Format Version 12.00
# Visual Studio Version 17
VisualStudioVersion = 17.9.34714.143
MinimumVisualStudioVersion = 10.0.40219.1
Project("{FAE04EC0-301F-11D3-BF4B-00C04F79EFBC}") = "Cezar 2.0", "Cezar 2.0\Cezar 2.0.csproj", "{A40A1404-32FB-4DAF-BF03-69F64A19501B}"
EndProject
Global
	GlobalSection(SolutionConfigurationPlatforms) = preSolution
		Debug|Any CPU = Debug|Any CPU
		Release|Any CPU = Release|Any CPU
	EndGlobalSection
	GlobalSection(ProjectConfigurationPlatforms) = postSolution
		{A40A1404-32FB-4DAF-BF03-69F64A19501B}.Debug|Any CPU.ActiveCfg = Debug|Any CPU
		{A40A1404-32FB-4DAF-BF03-69F64A19501B}.Debug|Any CPU.Build.0 = Debug|Any CPU
		{A40A1404-32FB-4DAF-BF03-69F64A19501B}.Release|Any CPU.ActiveCfg = Release|Any CPU
		{A40A1404-32FB-4DAF-BF03-69F64A19501B}.Release|Any CPU.Build.0 = Release|Any CPU
	EndGlobalSection
	GlobalSection(SolutionProperties) = preSolution
		HideSolutionNode = FALSE
	EndGlobalSection
	GlobalSection(ExtensibilityGlobals) = postSolution
		SolutionGuid = {0C960CEC-F596-4284-BAF0-34A7BCDEC386}
	EndGlobalSection
EndGlobal
